# This file is automatically @generated by Cargo.
# It is not intended for manual editing.
version = 4

[[package]]
name = "alpha-artifacts"
version = "0.1.0"
dependencies = [
 "base-build",
]

[[package]]
name = "base-build"
version = "0.1.0"

[[package]]
name = "beta-artifacts"
version = "0.1.0"
dependencies = [
 "base-build",
]

[[package]]
name = "uses-alpha"
version = "0.1.0"
dependencies = [
 "alpha-artifacts",
]

[[package]]
name = "uses-both"
version = "0.1.0"
dependencies = [
 "alpha-artifacts",
 "beta-artifacts",
]
